
Microsoft Visual Studio Solution File, Format Version 12.00
# Visual Studio 15
VisualStudioVersion = 15.0.28307.757
MinimumVisualStudioVersion = 10.0.40219.1
Project("{FAE04EC0-301F-11D3-BF4B-00C04F79EFBC}") = "RegonSearchApi.Api", "RegonSearchApi.Api\RegonSearchApi.Api.csproj", "{7FE66F65-7BC7-4A27-AB81-E157D9967831}"
EndProject
Project("{FAE04EC0-301F-11D3-BF4B-00C04F79EFBC}") = "RegonSearchApi.Data", "RegonSearchApi.Data\RegonSearchApi.Data.csproj", "{534993D8-15F0-4AF6-906F-7047880C96DB}"
EndProject
Global
	GlobalSection(SolutionConfigurationPlatforms) = preSolution
		Debug|Any CPU = Debug|Any CPU
		Release|Any CPU = Release|Any CPU
	EndGlobalSection
	GlobalSection(ProjectConfigurationPlatforms) = postSolution
		{7FE66F65-7BC7-4A27-AB81-E157D9967831}.Debug|Any CPU.ActiveCfg = Debug|Any CPU
		{7FE66F65-7BC7-4A27-AB81-E157D9967831}.Debug|Any CPU.Build.0 = Debug|Any CPU
		{7FE66F65-7BC7-4A27-AB81-E157D9967831}.Release|Any CPU.ActiveCfg = Release|Any CPU
		{7FE66F65-7BC7-4A27-AB81-E157D9967831}.Release|Any CPU.Build.0 = Release|Any CPU
		{534993D8-15F0-4AF6-906F-7047880C96DB}.Debug|Any CPU.ActiveCfg = Debug|Any CPU
		{534993D8-15F0-4AF6-906F-7047880C96DB}.Debug|Any CPU.Build.0 = Debug|Any CPU
		{534993D8-15F0-4AF6-906F-7047880C96DB}.Release|Any CPU.ActiveCfg = Release|Any CPU
		{534993D8-15F0-4AF6-906F-7047880C96DB}.Release|Any CPU.Build.0 = Release|Any CPU
	EndGlobalSection
	GlobalSection(SolutionProperties) = preSolution
		HideSolutionNode = FALSE
	EndGlobalSection
	GlobalSection(ExtensibilityGlobals) = postSolution
		SolutionGuid = {674E8EED-D387-4AF2-BF50-18B5325BD565}
	EndGlobalSection
EndGlobal
